{
  "name": "TimeSeriesClient",
  "lockfileVersion": 2,
  "requires": true,
  "packages": {
    "": {
      "dependencies": {
        "@angular/animations": "^12.2.1",
        "chart.js": "^3.5.0",
        "primeicons": "^4.1.0",
        "primeng": "^12.1.0-rc.1"
      }
    },
    "node_modules/@angular/animations": {
      "version": "12.2.1",
      "resolved": "https://registry.npmjs.org/@angular/animations/-/animations-12.2.1.tgz",
      "integrity": "sha512-SDsBBQG2AifuVyo+LUiqFLqzQ8ourO60NhkYGugC934lRqox2ZXmAooDBGMh74K7yrzIxMpbrMbL+qGv4OGpjw==",
      "dependencies": {
        "tslib": "^2.2.0"
      },
      "engines": {
        "node": "^12.14.1 || >=14.0.0"
      },
      "peerDependencies": {
        "@angular/core": "12.2.1"
      }
    },
    "node_modules/@angular/common": {
      "version": "12.2.1",
      "resolved": "https://registry.npmjs.org/@angular/common/-/common-12.2.1.tgz",
      "integrity": "sha512-LGQwDN3QKX/0LVQQa6v+/Tc4Za+XiIfJMqmr6KNWh3q6/5zibkPE9YCq/nvolUg7RZzYpG7tFPgnggYtUmKURw==",
      "peer": true,
      "dependencies": {
        "tslib": "^2.2.0"
      },
      "engines": {
        "node": "^12.14.1 || >=14.0.0"
      },
      "peerDependencies": {
        "@angular/core": "12.2.1",
        "rxjs": "^6.5.3 || ^7.0.0"
      }
    },
    "node_modules/@angular/core": {
      "version": "12.2.1",
      "resolved": "https://registry.npmjs.org/@angular/core/-/core-12.2.1.tgz",
      "integrity": "sha512-n3h2SIlTexQRhiU0YKk1qUobZBXtFisfNbV4kJLyjNsGyMt70NQLZVe5mUw7LV7aDAJEinuoCofqBl4FHCigEQ==",
      "peer": true,
      "dependencies": {
        "tslib": "^2.2.0"
      },
      "engines": {
        "node": "^12.14.1 || >=14.0.0"
      },
      "peerDependencies": {
        "rxjs": "^6.5.3 || ^7.0.0",
        "zone.js": "~0.11.4"
      }
    },
    "node_modules/@angular/forms": {
      "version": "12.2.1",
      "resolved": "https://registry.npmjs.org/@angular/forms/-/forms-12.2.1.tgz",
      "integrity": "sha512-frYYb/4KhGJkvQ27k0voRi3ZVPvY6NXBYidPmJf7WBnVY8jgHhfUcjc9wUNaS97TyXB3WG/eY/jLC38tO0atMA==",
      "peer": true,
      "dependencies": {
        "tslib": "^2.2.0"
      },
      "engines": {
        "node": "^12.14.1 || >=14.0.0"
      },
      "peerDependencies": {
        "@angular/common": "12.2.1",
        "@angular/core": "12.2.1",
        "@angular/platform-browser": "12.2.1",
        "rxjs": "^6.5.3 || ^7.0.0"
      }
    },
    "node_modules/@angular/platform-browser": {
      "version": "12.2.1",
      "resolved": "https://registry.npmjs.org/@angular/platform-browser/-/platform-browser-12.2.1.tgz",
      "integrity": "sha512-14PSiuKrXe8KP0K5+WtpwdYALKRIFWp1KxIhmqrpjbW322W9d46dC7LAw8Wzof/aHmDJops63u6EDJG7UeiUOg==",
      "peer": true,
      "dependencies": {
        "tslib": "^2.2.0"
      },
      "engines": {
        "node": "^12.14.1 || >=14.0.0"
      },
      "peerDependencies": {
        "@angular/animations": "12.2.1",
        "@angular/common": "12.2.1",
        "@angular/core": "12.2.1"
      },
      "peerDependenciesMeta": {
        "@angular/animations": {
          "optional": true
        }
      }
    },
    "node_modules/chart.js": {
      "version": "3.5.0",
      "resolved": "https://registry.npmjs.org/chart.js/-/chart.js-3.5.0.tgz",
      "integrity": "sha512-J1a4EAb1Gi/KbhwDRmoovHTRuqT8qdF0kZ4XgwxpGethJHUdDrkqyPYwke0a+BuvSeUxPf8Cos6AX2AB8H8GLA=="
    },
    "node_modules/primeicons": {
      "version": "4.1.0",
      "resolved": "https://registry.npmjs.org/primeicons/-/primeicons-4.1.0.tgz",
      "integrity": "sha512-uEv2pSPk1zQCfaB2VgnUfnUxxlGryYi+5rbdxmZBBt5v9S/pscIQYS5YDLxsQZ7D9jn5c76+Tx5wX/2J1nK6sA=="
    },
    "node_modules/primeng": {
      "version": "12.1.0-rc.1",
      "resolved": "https://registry.npmjs.org/primeng/-/primeng-12.1.0-rc.1.tgz",
      "integrity": "sha512-JWPnb2XilrMkApsIDJLS93sLr3i1nAVkQyJNW5Bzn6oiO24Zz7h08bc3K/W/8E6rEGt6xmN3U23+pgx/4Uk1wg==",
      "dependencies": {
        "tslib": "^2.1.0"
      },
      "peerDependencies": {
        "@angular/common": "^7.0.0 || ^8.0.0 || ^9.0.0 || ^10.0.0 || ^11.0.0 || ^12.0.0",
        "@angular/core": "^7.0.0 || ^8.0.0 || ^9.0.0 || ^10.0.0 || ^11.0.0 || ^12.0.0",
        "@angular/forms": "^7.0.0 || ^8.0.0 || ^9.0.0 || ^10.0.0 || ^11.0.0 || ^12.0.0",
        "rxjs": "^6.0.0",
        "zone.js": "^0.10.2 || ^0.11.0"
      }
    },
    "node_modules/rxjs": {
      "version": "6.6.7",
      "resolved": "https://registry.npmjs.org/rxjs/-/rxjs-6.6.7.tgz",
      "integrity": "sha512-hTdwr+7yYNIT5n4AMYp85KA6yw2Va0FLa3Rguvbpa4W3I5xynaBZo41cM3XM+4Q6fRMj3sBYIR1VAmZMXYJvRQ==",
      "peer": true,
      "dependencies": {
        "tslib": "^1.9.0"
      },
      "engines": {
        "npm": ">=2.0.0"
      }
    },
    "node_modules/rxjs/node_modules/tslib": {
      "version": "1.14.1",
      "resolved": "https://registry.npmjs.org/tslib/-/tslib-1.14.1.tgz",
      "integrity": "sha512-Xni35NKzjgMrwevysHTCArtLDpPvye8zV/0E4EyYn43P7/7qvQwPh9BGkHewbMulVntbigmcT7rdX3BNo9wRJg==",
      "peer": true
    },
    "node_modules/tslib": {
      "version": "2.3.1",
      "resolved": "https://registry.npmjs.org/tslib/-/tslib-2.3.1.tgz",
      "integrity": "sha512-77EbyPPpMz+FRFRuAFlWMtmgUWGe9UOG2Z25NqCwiIjRhOf5iKGuzSe5P2w1laq+FkRy4p+PCuVkJSGkzTEKVw=="
    },
    "node_modules/zone.js": {
      "version": "0.11.4",
      "resolved": "https://registry.npmjs.org/zone.js/-/zone.js-0.11.4.tgz",
      "integrity": "sha512-DDh2Ab+A/B+9mJyajPjHFPWfYU1H+pdun4wnnk0OcQTNjem1XQSZ2CDW+rfZEUDjv5M19SBqAkjZi0x5wuB5Qw==",
      "peer": true,
      "dependencies": {
        "tslib": "^2.0.0"
      }
    }
  },
  "dependencies": {
    "@angular/animations": {
      "version": "12.2.1",
      "resolved": "https://registry.npmjs.org/@angular/animations/-/animations-12.2.1.tgz",
      "integrity": "sha512-SDsBBQG2AifuVyo+LUiqFLqzQ8ourO60NhkYGugC934lRqox2ZXmAooDBGMh74K7yrzIxMpbrMbL+qGv4OGpjw==",
      "requires": {
        "tslib": "^2.2.0"
      }
    },
    "@angular/common": {
      "version": "12.2.1",
      "resolved": "https://registry.npmjs.org/@angular/common/-/common-12.2.1.tgz",
      "integrity": "sha512-LGQwDN3QKX/0LVQQa6v+/Tc4Za+XiIfJMqmr6KNWh3q6/5zibkPE9YCq/nvolUg7RZzYpG7tFPgnggYtUmKURw==",
      "peer": true,
      "requires": {
        "tslib": "^2.2.0"
      }
    },
    "@angular/core": {
      "version": "12.2.1",
      "resolved": "https://registry.npmjs.org/@angular/core/-/core-12.2.1.tgz",
      "integrity": "sha512-n3h2SIlTexQRhiU0YKk1qUobZBXtFisfNbV4kJLyjNsGyMt70NQLZVe5mUw7LV7aDAJEinuoCofqBl4FHCigEQ==",
      "peer": true,
      "requires": {
        "tslib": "^2.2.0"
      }
    },
    "@angular/forms": {
      "version": "12.2.1",
      "resolved": "https://registry.npmjs.org/@angular/forms/-/forms-12.2.1.tgz",
      "integrity": "sha512-frYYb/4KhGJkvQ27k0voRi3ZVPvY6NXBYidPmJf7WBnVY8jgHhfUcjc9wUNaS97TyXB3WG/eY/jLC38tO0atMA==",
      "peer": true,
      "requires": {
        "tslib": "^2.2.0"
      }
    },
    "@angular/platform-browser": {
      "version": "12.2.1",
      "resolved": "https://registry.npmjs.org/@angular/platform-browser/-/platform-browser-12.2.1.tgz",
      "integrity": "sha512-14PSiuKrXe8KP0K5+WtpwdYALKRIFWp1KxIhmqrpjbW322W9d46dC7LAw8Wzof/aHmDJops63u6EDJG7UeiUOg==",
      "peer": true,
      "requires": {
        "tslib": "^2.2.0"
      }
    },
    "chart.js": {
      "version": "3.5.0",
      "resolved": "https://registry.npmjs.org/chart.js/-/chart.js-3.5.0.tgz",
      "integrity": "sha512-J1a4EAb1Gi/KbhwDRmoovHTRuqT8qdF0kZ4XgwxpGethJHUdDrkqyPYwke0a+BuvSeUxPf8Cos6AX2AB8H8GLA=="
    },
    "primeicons": {
      "version": "4.1.0",
      "resolved": "https://registry.npmjs.org/primeicons/-/primeicons-4.1.0.tgz",
      "integrity": "sha512-uEv2pSPk1zQCfaB2VgnUfnUxxlGryYi+5rbdxmZBBt5v9S/pscIQYS5YDLxsQZ7D9jn5c76+Tx5wX/2J1nK6sA=="
    },
    "primeng": {
      "version": "12.1.0-rc.1",
      "resolved": "https://registry.npmjs.org/primeng/-/primeng-12.1.0-rc.1.tgz",
      "integrity": "sha512-JWPnb2XilrMkApsIDJLS93sLr3i1nAVkQyJNW5Bzn6oiO24Zz7h08bc3K/W/8E6rEGt6xmN3U23+pgx/4Uk1wg==",
      "requires": {
        "tslib": "^2.1.0"
      }
    },
    "rxjs": {
      "version": "6.6.7",
      "resolved": "https://registry.npmjs.org/rxjs/-/rxjs-6.6.7.tgz",
      "integrity": "sha512-hTdwr+7yYNIT5n4AMYp85KA6yw2Va0FLa3Rguvbpa4W3I5xynaBZo41cM3XM+4Q6fRMj3sBYIR1VAmZMXYJvRQ==",
      "peer": true,
      "requires": {
        "tslib": "^1.9.0"
      },
      "dependencies": {
        "tslib": {
          "version": "1.14.1",
          "resolved": "https://registry.npmjs.org/tslib/-/tslib-1.14.1.tgz",
          "integrity": "sha512-Xni35NKzjgMrwevysHTCArtLDpPvye8zV/0E4EyYn43P7/7qvQwPh9BGkHewbMulVntbigmcT7rdX3BNo9wRJg==",
          "peer": true
        }
      }
    },
    "tslib": {
      "version": "2.3.1",
      "resolved": "https://registry.npmjs.org/tslib/-/tslib-2.3.1.tgz",
      "integrity": "sha512-77EbyPPpMz+FRFRuAFlWMtmgUWGe9UOG2Z25NqCwiIjRhOf5iKGuzSe5P2w1laq+FkRy4p+PCuVkJSGkzTEKVw=="
    },
    "zone.js": {
      "version": "0.11.4",
      "resolved": "https://registry.npmjs.org/zone.js/-/zone.js-0.11.4.tgz",
      "integrity": "sha512-DDh2Ab+A/B+9mJyajPjHFPWfYU1H+pdun4wnnk0OcQTNjem1XQSZ2CDW+rfZEUDjv5M19SBqAkjZi0x5wuB5Qw==",
      "peer": true,
      "requires": {
        "tslib": "^2.0.0"
      }
    }
  }
}
